PODS:
  - AFNetworking (3.2.1):
    - AFNetworking/NSURLSession (= 3.2.1)
    - AFNetworking/Reachability (= 3.2.1)
    - AFNetworking/Security (= 3.2.1)
    - AFNetworking/Serialization (= 3.2.1)
    - AFNetworking/UIKit (= 3.2.1)
  - AFNetworking/NSURLSession (3.2.1):
    - AFNetworking/Reachability
    - AFNetworking/Security
    - AFNetworking/Serialization
  - AFNetworking/Reachability (3.2.1)
  - AFNetworking/Security (3.2.1)
  - AFNetworking/Serialization (3.2.1)
  - AFNetworking/UIKit (3.2.1):
    - AFNetworking/NSURLSession
  - IQKeyboardManager (6.0.4)
  - MJRefresh (3.1.15.3)
  - ReactiveObjC (3.1.0)
  - UMengAnalytics-NO-IDFA (4.2.5)
  - WechatOpenSDK (1.8.2)
  - YYModel (1.0.4)

DEPENDENCIES:
  - AFNetworking
  - IQKeyboardManager
  - MJRefresh
  - ReactiveObjC
  - UMengAnalytics-NO-IDFA
  - WechatOpenSDK
  - YYModel

SPEC REPOS:
  https://github.com/cocoapods/specs.git:
    - AFNetworking
    - IQKeyboardManager
    - MJRefresh
    - ReactiveObjC
    - UMengAnalytics-NO-IDFA
    - WechatOpenSDK
    - YYModel

SPEC CHECKSUMS:
  AFNetworking: b6f891fdfaed196b46c7a83cf209e09697b94057
  IQKeyboardManager: 29514134ef0334a6fa33cf4eee11c36c064baeaf
  MJRefresh: b48380ae2b927b46c4ef000de9adb8dc748e1df7
  ReactiveObjC: 2a38ea15335de4119d8b17caf1db1484f61db902
  UMengAnalytics-NO-IDFA: 16666e32edce5be44ae5b14aaaa7f3582e09d6ab
  WechatOpenSDK: 676feec516a11173eafd1fe64b10d27babf28701
  YYModel: 2a7fdd96aaa4b86a824e26d0c517de8928c04b30

PODFILE CHECKSUM: a37fa1e4212c709269a90c3b7e14bc13cf362185

COCOAPODS: 1.5.3
